
Microsoft Visual Studio Solution File, Format Version 12.00
# Visual Studio Version 17
VisualStudioVersion = 17.2.32616.157
MinimumVisualStudioVersion = 15.0.26124.0
Project("{9A19103F-16F7-4668-BE54-9A1E7A4F7556}") = "csflex-gui", "csflex-gui\csflex-gui.csproj", "{EAEBB11B-A1D2-4775-B041-F51762E2D8F4}"
EndProject
Project("{9A19103F-16F7-4668-BE54-9A1E7A4F7556}") = "csflex", "csflex\csflex.csproj", "{89F7D20B-F04C-4AC0-B920-565A019BFF7C}"
EndProject
Project("{FAE04EC0-301F-11D3-BF4B-00C04F79EFBC}") = "JavaCup", "JavaCup\JavaCup.csproj", "{BC962F7D-F27A-4B38-BD0D-011BF0783564}"
EndProject
Global
	GlobalSection(SolutionConfigurationPlatforms) = preSolution
		Debug|Any CPU = Debug|Any CPU
		Debug|x64 = Debug|x64
		Debug|x86 = Debug|x86
		Release|Any CPU = Release|Any CPU
		Release|x64 = Release|x64
		Release|x86 = Release|x86
	EndGlobalSection
	GlobalSection(ProjectConfigurationPlatforms) = postSolution
		{EAEBB11B-A1D2-4775-B041-F51762E2D8F4}.Debug|Any CPU.ActiveCfg = Debug|Any CPU
		{EAEBB11B-A1D2-4775-B041-F51762E2D8F4}.Debug|Any CPU.Build.0 = Debug|Any CPU
		{EAEBB11B-A1D2-4775-B041-F51762E2D8F4}.Debug|x64.ActiveCfg = Debug|Any CPU
		{EAEBB11B-A1D2-4775-B041-F51762E2D8F4}.Debug|x64.Build.0 = Debug|Any CPU
		{EAEBB11B-A1D2-4775-B041-F51762E2D8F4}.Debug|x86.ActiveCfg = Debug|Any CPU
		{EAEBB11B-A1D2-4775-B041-F51762E2D8F4}.Debug|x86.Build.0 = Debug|Any CPU
		{EAEBB11B-A1D2-4775-B041-F51762E2D8F4}.Release|Any CPU.ActiveCfg = Release|Any CPU
		{EAEBB11B-A1D2-4775-B041-F51762E2D8F4}.Release|Any CPU.Build.0 = Release|Any CPU
		{EAEBB11B-A1D2-4775-B041-F51762E2D8F4}.Release|x64.ActiveCfg = Release|Any CPU
		{EAEBB11B-A1D2-4775-B041-F51762E2D8F4}.Release|x64.Build.0 = Release|Any CPU
		{EAEBB11B-A1D2-4775-B041-F51762E2D8F4}.Release|x86.ActiveCfg = Release|Any CPU
		{EAEBB11B-A1D2-4775-B041-F51762E2D8F4}.Release|x86.Build.0 = Release|Any CPU
		{89F7D20B-F04C-4AC0-B920-565A019BFF7C}.Debug|Any CPU.ActiveCfg = Debug|Any CPU
		{89F7D20B-F04C-4AC0-B920-565A019BFF7C}.Debug|Any CPU.Build.0 = Debug|Any CPU
		{89F7D20B-F04C-4AC0-B920-565A019BFF7C}.Debug|x64.ActiveCfg = Debug|Any CPU
		{89F7D20B-F04C-4AC0-B920-565A019BFF7C}.Debug|x64.Build.0 = Debug|Any CPU
		{89F7D20B-F04C-4AC0-B920-565A019BFF7C}.Debug|x86.ActiveCfg = Debug|Any CPU
		{89F7D20B-F04C-4AC0-B920-565A019BFF7C}.Debug|x86.Build.0 = Debug|Any CPU
		{89F7D20B-F04C-4AC0-B920-565A019BFF7C}.Release|Any CPU.ActiveCfg = Release|Any CPU
		{89F7D20B-F04C-4AC0-B920-565A019BFF7C}.Release|Any CPU.Build.0 = Release|Any CPU
		{89F7D20B-F04C-4AC0-B920-565A019BFF7C}.Release|x64.ActiveCfg = Release|Any CPU
		{89F7D20B-F04C-4AC0-B920-565A019BFF7C}.Release|x64.Build.0 = Release|Any CPU
		{89F7D20B-F04C-4AC0-B920-565A019BFF7C}.Release|x86.ActiveCfg = Release|Any CPU
		{89F7D20B-F04C-4AC0-B920-565A019BFF7C}.Release|x86.Build.0 = Release|Any CPU
		{BC962F7D-F27A-4B38-BD0D-011BF0783564}.Debug|Any CPU.ActiveCfg = Debug|Any CPU
		{BC962F7D-F27A-4B38-BD0D-011BF0783564}.Debug|Any CPU.Build.0 = Debug|Any CPU
		{BC962F7D-F27A-4B38-BD0D-011BF0783564}.Debug|x64.ActiveCfg = Debug|Any CPU
		{BC962F7D-F27A-4B38-BD0D-011BF0783564}.Debug|x64.Build.0 = Debug|Any CPU
		{BC962F7D-F27A-4B38-BD0D-011BF0783564}.Debug|x86.ActiveCfg = Debug|Any CPU
		{BC962F7D-F27A-4B38-BD0D-011BF0783564}.Debug|x86.Build.0 = Debug|Any CPU
		{BC962F7D-F27A-4B38-BD0D-011BF0783564}.Release|Any CPU.ActiveCfg = Release|Any CPU
		{BC962F7D-F27A-4B38-BD0D-011BF0783564}.Release|Any CPU.Build.0 = Release|Any CPU
		{BC962F7D-F27A-4B38-BD0D-011BF0783564}.Release|x64.ActiveCfg = Release|Any CPU
		{BC962F7D-F27A-4B38-BD0D-011BF0783564}.Release|x64.Build.0 = Release|Any CPU
		{BC962F7D-F27A-4B38-BD0D-011BF0783564}.Release|x86.ActiveCfg = Release|Any CPU
		{BC962F7D-F27A-4B38-BD0D-011BF0783564}.Release|x86.Build.0 = Release|Any CPU
	EndGlobalSection
	GlobalSection(SolutionProperties) = preSolution
		HideSolutionNode = FALSE
	EndGlobalSection
	GlobalSection(ExtensibilityGlobals) = postSolution
		SolutionGuid = {7D635FA3-9ED5-4CC0-BDF4-F5806038B825}
	EndGlobalSection
EndGlobal
